
Microsoft Visual Studio Solution File, Format Version 12.00
# Visual Studio Version 17
VisualStudioVersion = 17.5.33414.496
MinimumVisualStudioVersion = 10.0.40219.1
Project("{FAE04EC0-301F-11D3-BF4B-00C04F79EFBC}") = "PacMan", "PacMan\PacMan.csproj", "{EDA2139A-D9E4-476C-B112-7F9825B13E45}"
EndProject
Global
	GlobalSection(SolutionConfigurationPlatforms) = preSolution
		Debug|Any CPU = Debug|Any CPU
		Release|Any CPU = Release|Any CPU
	EndGlobalSection
	GlobalSection(ProjectConfigurationPlatforms) = postSolution
		{EDA2139A-D9E4-476C-B112-7F9825B13E45}.Debug|Any CPU.ActiveCfg = Debug|Any CPU
		{EDA2139A-D9E4-476C-B112-7F9825B13E45}.Debug|Any CPU.Build.0 = Debug|Any CPU
		{EDA2139A-D9E4-476C-B112-7F9825B13E45}.Release|Any CPU.ActiveCfg = Release|Any CPU
		{EDA2139A-D9E4-476C-B112-7F9825B13E45}.Release|Any CPU.Build.0 = Release|Any CPU
	EndGlobalSection
	GlobalSection(SolutionProperties) = preSolution
		HideSolutionNode = FALSE
	EndGlobalSection
	GlobalSection(ExtensibilityGlobals) = postSolution
		SolutionGuid = {60DDFF2A-98CC-421C-AE47-97873488D726}
	EndGlobalSection
EndGlobal
